
Microsoft Visual Studio Solution File, Format Version 12.00
# Visual Studio Version 17
VisualStudioVersion = 17.4.33403.182
MinimumVisualStudioVersion = 10.0.40219.1
Project("{FAE04EC0-301F-11D3-BF4B-00C04F79EFBC}") = "PdfPlus", "PdfPlus.csproj", "{DD85E2C9-0312-4415-A8D0-4CC46BABA9F7}"
EndProject
Global
	GlobalSection(SolutionConfigurationPlatforms) = preSolution
		Debug|Any CPU = Debug|Any CPU
		Release|Any CPU = Release|Any CPU
	EndGlobalSection
	GlobalSection(ProjectConfigurationPlatforms) = postSolution
		{DD85E2C9-0312-4415-A8D0-4CC46BABA9F7}.Debug|Any CPU.ActiveCfg = Debug|Any CPU
		{DD85E2C9-0312-4415-A8D0-4CC46BABA9F7}.Debug|Any CPU.Build.0 = Debug|Any CPU
		{DD85E2C9-0312-4415-A8D0-4CC46BABA9F7}.Release|Any CPU.ActiveCfg = Release|Any CPU
		{DD85E2C9-0312-4415-A8D0-4CC46BABA9F7}.Release|Any CPU.Build.0 = Release|Any CPU
	EndGlobalSection
	GlobalSection(SolutionProperties) = preSolution
		HideSolutionNode = FALSE
	EndGlobalSection
	GlobalSection(ExtensibilityGlobals) = postSolution
		SolutionGuid = {6C9FE328-F1D7-4DC5-82F0-6AAF0B3A69C8}
	EndGlobalSection
EndGlobal
